// !$*UTF8*$!
{
	archiveVersion = 1;
	classes = {
	};
	objectVersion = 50;
	objects = {

/* Begin PBXBuildFile section */
		D552039C22A8F6DA00E356F1 /* AppDelegate.swift in Sources */ = {isa = PBXBuildFile; fileRef = D552039B22A8F6DA00E356F1 /* AppDelegate.swift */; };
		D552039E22A8F6DA00E356F1 /* ViewController.swift in Sources */ = {isa = PBXBuildFile; fileRef = D552039D22A8F6DA00E356F1 /* ViewController.swift */; };
		D55203A122A8F6DA00E356F1 /* Main.storyboard in Resources */ = {isa = PBXBuildFile; fileRef = D552039F22A8F6DA00E356F1 /* Main.storyboard */; };
		D55203A322A8F6DC00E356F1 /* Assets.xcassets in Resources */ = {isa = PBXBuildFile; fileRef = D55203A222A8F6DC00E356F1 /* Assets.xcassets */; };
		D55203A622A8F6DC00E356F1 /* LaunchScreen.storyboard in Resources */ = {isa = PBXBuildFile; fileRef = D55203A422A8F6DC00E356F1 /* LaunchScreen.storyboard */; };
		D55203BB22A8FF5000E356F1 /* GPSearchViewControllerServiceProtocol.swift in Sources */ = {isa = PBXBuildFile; fileRef = D55203B222A8FF4F00E356F1 /* GPSearchViewControllerServiceProtocol.swift */; };
		D55203BC22A8FF5000E356F1 /* GPSearchViewControllerModel.swift in Sources */ = {isa = PBXBuildFile; fileRef = D55203B422A8FF4F00E356F1 /* GPSearchViewControllerModel.swift */; };
		D55203BD22A8FF5000E356F1 /* GPSearchViewControllerView.swift in Sources */ = {isa = PBXBuildFile; fileRef = D55203B622A8FF4F00E356F1 /* GPSearchViewControllerView.swift */; };
		D55203BE22A8FF5000E356F1 /* GPSearchViewControllerService.swift in Sources */ = {isa = PBXBuildFile; fileRef = D55203B822A8FF4F00E356F1 /* GPSearchViewControllerService.swift */; };
		D55203BF22A8FF5000E356F1 /* GPSearchViewControllerViewModel.swift in Sources */ = {isa = PBXBuildFile; fileRef = D55203BA22A8FF4F00E356F1 /* GPSearchViewControllerViewModel.swift */; };
		D59098CC22AD459100839E69 /* GPError.swift in Sources */ = {isa = PBXBuildFile; fileRef = D59098CB22AD459100839E69 /* GPError.swift */; };
		D59098CE22AD45B300839E69 /* GPLogger.swift in Sources */ = {isa = PBXBuildFile; fileRef = D59098CD22AD45B300839E69 /* GPLogger.swift */; };
		D59098D222AD4B3900839E69 /* GPViewController.swift in Sources */ = {isa = PBXBuildFile; fileRef = D59098D122AD4B3900839E69 /* GPViewController.swift */; };
		D59098D422AD4B4800839E69 /* GPTableViewController.swift in Sources */ = {isa = PBXBuildFile; fileRef = D59098D322AD4B4800839E69 /* GPTableViewController.swift */; };
		D59098D622AD4B5D00839E69 /* GPTableViewCell.swift in Sources */ = {isa = PBXBuildFile; fileRef = D59098D522AD4B5D00839E69 /* GPTableViewCell.swift */; };
		D59098D822AD4FF000839E69 /* GPViewControllerProtocol.swift in Sources */ = {isa = PBXBuildFile; fileRef = D59098D722AD4FF000839E69 /* GPViewControllerProtocol.swift */; };
		D59098DA22AD510400839E69 /* UIStoryboard+Extensions.swift in Sources */ = {isa = PBXBuildFile; fileRef = D59098D922AD510400839E69 /* UIStoryboard+Extensions.swift */; };
		D59098DD22AD5DB900839E69 /* Reach.swift in Sources */ = {isa = PBXBuildFile; fileRef = D59098DC22AD5DB900839E69 /* Reach.swift */; };
		D5D277B122AE2AFC00465008 /* GPAPIRequest+Search.swift in Sources */ = {isa = PBXBuildFile; fileRef = D5D277B022AE2AFC00465008 /* GPAPIRequest+Search.swift */; };
		D5D277B322AE2B1500465008 /* GPAPIConstant.swift in Sources */ = {isa = PBXBuildFile; fileRef = D5D277B222AE2B1500465008 /* GPAPIConstant.swift */; };
		D5D277B522AE2B2C00465008 /* GPAPIRequestType.swift in Sources */ = {isa = PBXBuildFile; fileRef = D5D277B422AE2B2C00465008 /* GPAPIRequestType.swift */; };
		D5D277B722AE2B4100465008 /* GPAPIStringUrl.swift in Sources */ = {isa = PBXBuildFile; fileRef = D5D277B622AE2B4100465008 /* GPAPIStringUrl.swift */; };
		D5D277B922AE2C9A00465008 /* GPConstant.swift in Sources */ = {isa = PBXBuildFile; fileRef = D5D277B822AE2C9A00465008 /* GPConstant.swift */; };
		D5D277BB22AE2F1200465008 /* GPURLConnectionManager.swift in Sources */ = {isa = PBXBuildFile; fileRef = D5D277BA22AE2F1200465008 /* GPURLConnectionManager.swift */; };
		D5D277BD22AE2FA400465008 /* GPAPIRequest.swift in Sources */ = {isa = PBXBuildFile; fileRef = D5D277BC22AE2FA400465008 /* GPAPIRequest.swift */; };
		D5D277BF22AE300C00465008 /* UIApplication+Extensions.swift in Sources */ = {isa = PBXBuildFile; fileRef = D5D277BE22AE300C00465008 /* UIApplication+Extensions.swift */; };
		D5D277C122AE307400465008 /* GPURLSessionManager.swift in Sources */ = {isa = PBXBuildFile; fileRef = D5D277C022AE307400465008 /* GPURLSessionManager.swift */; };
		D5D277C322AE344B00465008 /* NSMutableData+Extensions.swift in Sources */ = {isa = PBXBuildFile; fileRef = D5D277C222AE344B00465008 /* NSMutableData+Extensions.swift */; };
		D5D277C522AE403C00465008 /* GPImage.swift in Sources */ = {isa = PBXBuildFile; fileRef = D5D277C422AE403C00465008 /* GPImage.swift */; };
		D5D277C722AE5C8600465008 /* UIView+Extensions.swift in Sources */ = {isa = PBXBuildFile; fileRef = D5D277C622AE5C8600465008 /* UIView+Extensions.swift */; };
		D5D277C922AE5D6500465008 /* GPSearchListCell.swift in Sources */ = {isa = PBXBuildFile; fileRef = D5D277C822AE5D6500465008 /* GPSearchListCell.swift */; };
		D5D277CB22AE5E3B00465008 /* UICollection+Extensions.swift in Sources */ = {isa = PBXBuildFile; fileRef = D5D277CA22AE5E3B00465008 /* UICollection+Extensions.swift */; };
		D5D277CD22AE642400465008 /* UIImageView+Extensions.swift in Sources */ = {isa = PBXBuildFile; fileRef = D5D277CC22AE642400465008 /* UIImageView+Extensions.swift */; };
/* End PBXBuildFile section */

/* Begin PBXFileReference section */
		D552039822A8F6DA00E356F1 /* Giphy.app */ = {isa = PBXFileReference; explicitFileType = wrapper.application; includeInIndex = 0; path = Giphy.app; sourceTree = BUILT_PRODUCTS_DIR; };
		D552039B22A8F6DA00E356F1 /* AppDelegate.swift */ = {isa = PBXFileReference; lastKnownFileType = sourcecode.swift; path = AppDelegate.swift; sourceTree = "<group>"; };
		D552039D22A8F6DA00E356F1 /* ViewController.swift */ = {isa = PBXFileReference; lastKnownFileType = sourcecode.swift; path = ViewController.swift; sourceTree = "<group>"; };
		D55203A022A8F6DA00E356F1 /* Base */ = {isa = PBXFileReference; lastKnownFileType = file.storyboard; name = Base; path = Base.lproj/Main.storyboard; sourceTree = "<group>"; };
		D55203A222A8F6DC00E356F1 /* Assets.xcassets */ = {isa = PBXFileReference; lastKnownFileType = folder.assetcatalog; path = Assets.xcassets; sourceTree = "<group>"; };
		D55203A522A8F6DC00E356F1 /* Base */ = {isa = PBXFileReference; lastKnownFileType = file.storyboard; name = Base; path = Base.lproj/LaunchScreen.storyboard; sourceTree = "<group>"; };
		D55203A722A8F6DC00E356F1 /* Info.plist */ = {isa = PBXFileReference; lastKnownFileType = text.plist.xml; path = Info.plist; sourceTree = "<group>"; };
		D55203B222A8FF4F00E356F1 /* GPSearchViewControllerServiceProtocol.swift */ = {isa = PBXFileReference; fileEncoding = 4; lastKnownFileType = sourcecode.swift; path = GPSearchViewControllerServiceProtocol.swift; sourceTree = "<group>"; };
		D55203B422A8FF4F00E356F1 /* GPSearchViewControllerModel.swift */ = {isa = PBXFileReference; fileEncoding = 4; lastKnownFileType = sourcecode.swift; path = GPSearchViewControllerModel.swift; sourceTree = "<group>"; };
		D55203B622A8FF4F00E356F1 /* GPSearchViewControllerView.swift */ = {isa = PBXFileReference; fileEncoding = 4; lastKnownFileType = sourcecode.swift; path = GPSearchViewControllerView.swift; sourceTree = "<group>"; };
		D55203B822A8FF4F00E356F1 /* GPSearchViewControllerService.swift */ = {isa = PBXFileReference; fileEncoding = 4; lastKnownFileType = sourcecode.swift; path = GPSearchViewControllerService.swift; sourceTree = "<group>"; };
		D55203BA22A8FF4F00E356F1 /* GPSearchViewControllerViewModel.swift */ = {isa = PBXFileReference; fileEncoding = 4; lastKnownFileType = sourcecode.swift; path = GPSearchViewControllerViewModel.swift; sourceTree = "<group>"; };
		D59098CB22AD459100839E69 /* GPError.swift */ = {isa = PBXFileReference; lastKnownFileType = sourcecode.swift; path = GPError.swift; sourceTree = "<group>"; };
		D59098CD22AD45B300839E69 /* GPLogger.swift */ = {isa = PBXFileReference; lastKnownFileType = sourcecode.swift; path = GPLogger.swift; sourceTree = "<group>"; };
		D59098D122AD4B3900839E69 /* GPViewController.swift */ = {isa = PBXFileReference; lastKnownFileType = sourcecode.swift; path = GPViewController.swift; sourceTree = "<group>"; };
		D59098D322AD4B4800839E69 /* GPTableViewController.swift */ = {isa = PBXFileReference; lastKnownFileType = sourcecode.swift; path = GPTableViewController.swift; sourceTree = "<group>"; };
		D59098D522AD4B5D00839E69 /* GPTableViewCell.swift */ = {isa = PBXFileReference; lastKnownFileType = sourcecode.swift; path = GPTableViewCell.swift; sourceTree = "<group>"; };
		D59098D722AD4FF000839E69 /* GPViewControllerProtocol.swift */ = {isa = PBXFileReference; lastKnownFileType = sourcecode.swift; path = GPViewControllerProtocol.swift; sourceTree = "<group>"; };
		D59098D922AD510400839E69 /* UIStoryboard+Extensions.swift */ = {isa = PBXFileReference; lastKnownFileType = sourcecode.swift; path = "UIStoryboard+Extensions.swift"; sourceTree = "<group>"; };
		D59098DC22AD5DB900839E69 /* Reach.swift */ = {isa = PBXFileReference; lastKnownFileType = sourcecode.swift; path = Reach.swift; sourceTree = "<group>"; };
		D5D277B022AE2AFC00465008 /* GPAPIRequest+Search.swift */ = {isa = PBXFileReference; lastKnownFileType = sourcecode.swift; path = "GPAPIRequest+Search.swift"; sourceTree = "<group>"; };
		D5D277B222AE2B1500465008 /* GPAPIConstant.swift */ = {isa = PBXFileReference; lastKnownFileType = sourcecode.swift; path = GPAPIConstant.swift; sourceTree = "<group>"; };
		D5D277B422AE2B2C00465008 /* GPAPIRequestType.swift */ = {isa = PBXFileReference; lastKnownFileType = sourcecode.swift; path = GPAPIRequestType.swift; sourceTree = "<group>"; };
		D5D277B622AE2B4100465008 /* GPAPIStringUrl.swift */ = {isa = PBXFileReference; lastKnownFileType = sourcecode.swift; path = GPAPIStringUrl.swift; sourceTree = "<group>"; };
		D5D277B822AE2C9A00465008 /* GPConstant.swift */ = {isa = PBXFileReference; lastKnownFileType = sourcecode.swift; path = GPConstant.swift; sourceTree = "<group>"; };
		D5D277BA22AE2F1200465008 /* GPURLConnectionManager.swift */ = {isa = PBXFileReference; lastKnownFileType = sourcecode.swift; path = GPURLConnectionManager.swift; sourceTree = "<group>"; };
		D5D277BC22AE2FA400465008 /* GPAPIRequest.swift */ = {isa = PBXFileReference; lastKnownFileType = sourcecode.swift; path = GPAPIRequest.swift; sourceTree = "<group>"; };
		D5D277BE22AE300C00465008 /* UIApplication+Extensions.swift */ = {isa = PBXFileReference; lastKnownFileType = sourcecode.swift; path = "UIApplication+Extensions.swift"; sourceTree = "<group>"; };
		D5D277C022AE307400465008 /* GPURLSessionManager.swift */ = {isa = PBXFileReference; lastKnownFileType = sourcecode.swift; path = GPURLSessionManager.swift; sourceTree = "<group>"; };
		D5D277C222AE344B00465008 /* NSMutableData+Extensions.swift */ = {isa = PBXFileReference; lastKnownFileType = sourcecode.swift; path = "NSMutableData+Extensions.swift"; sourceTree = "<group>"; };
		D5D277C422AE403C00465008 /* GPImage.swift */ = {isa = PBXFileReference; lastKnownFileType = sourcecode.swift; path = GPImage.swift; sourceTree = "<group>"; };
		D5D277C622AE5C8600465008 /* UIView+Extensions.swift */ = {isa = PBXFileReference; lastKnownFileType = sourcecode.swift; path = "UIView+Extensions.swift"; sourceTree = "<group>"; };
		D5D277C822AE5D6500465008 /* GPSearchListCell.swift */ = {isa = PBXFileReference; lastKnownFileType = sourcecode.swift; path = GPSearchListCell.swift; sourceTree = "<group>"; };
		D5D277CA22AE5E3B00465008 /* UICollection+Extensions.swift */ = {isa = PBXFileReference; lastKnownFileType = sourcecode.swift; path = "UICollection+Extensions.swift"; sourceTree = "<group>"; };
		D5D277CC22AE642400465008 /* UIImageView+Extensions.swift */ = {isa = PBXFileReference; lastKnownFileType = sourcecode.swift; path = "UIImageView+Extensions.swift"; sourceTree = "<group>"; };
/* End PBXFileReference section */

/* Begin PBXFrameworksBuildPhase section */
		D552039522A8F6DA00E356F1 /* Frameworks */ = {
			isa = PBXFrameworksBuildPhase;
			buildActionMask = 2147483647;
			files = (
			);
			runOnlyForDeploymentPostprocessing = 0;
		};
/* End PBXFrameworksBuildPhase section */

/* Begin PBXGroup section */
		D552038F22A8F6DA00E356F1 = {
			isa = PBXGroup;
			children = (
				D552039A22A8F6DA00E356F1 /* Giphy */,
				D552039922A8F6DA00E356F1 /* Products */,
			);
			sourceTree = "<group>";
		};
		D552039922A8F6DA00E356F1 /* Products */ = {
			isa = PBXGroup;
			children = (
				D552039822A8F6DA00E356F1 /* Giphy.app */,
			);
			name = Products;
			sourceTree = "<group>";
		};
		D552039A22A8F6DA00E356F1 /* Giphy */ = {
			isa = PBXGroup;
			children = (
				D59098C622AD451200839E69 /* GPLibrary */,
				D59098C322AD44A100839E69 /* GPCommon */,
				D59098C222AD446300839E69 /* GPModules */,
				D552039B22A8F6DA00E356F1 /* AppDelegate.swift */,
				D552039D22A8F6DA00E356F1 /* ViewController.swift */,
				D552039F22A8F6DA00E356F1 /* Main.storyboard */,
				D55203A222A8F6DC00E356F1 /* Assets.xcassets */,
				D55203A422A8F6DC00E356F1 /* LaunchScreen.storyboard */,
				D55203A722A8F6DC00E356F1 /* Info.plist */,
			);
			path = Giphy;
			sourceTree = "<group>";
		};
		D55203B022A8FF4F00E356F1 /* GPSearchViewController */ = {
			isa = PBXGroup;
			children = (
				D55203B322A8FF4F00E356F1 /* Model */,
				D55203B522A8FF4F00E356F1 /* View */,
				D55203B922A8FF4F00E356F1 /* View Model */,
				D55203B122A8FF4F00E356F1 /* Protocol */,
				D55203B722A8FF4F00E356F1 /* Service */,
			);
			path = GPSearchViewController;
			sourceTree = "<group>";
		};
		D55203B122A8FF4F00E356F1 /* Protocol */ = {
			isa = PBXGroup;
			children = (
				D55203B222A8FF4F00E356F1 /* GPSearchViewControllerServiceProtocol.swift */,
			);
			path = Protocol;
			sourceTree = "<group>";
		};
		D55203B322A8FF4F00E356F1 /* Model */ = {
			isa = PBXGroup;
			children = (
				D55203B422A8FF4F00E356F1 /* GPSearchViewControllerModel.swift */,
			);
			path = Model;
			sourceTree = "<group>";
		};
		D55203B522A8FF4F00E356F1 /* View */ = {
			isa = PBXGroup;
			children = (
				D55203B622A8FF4F00E356F1 /* GPSearchViewControllerView.swift */,
				D5D277C822AE5D6500465008 /* GPSearchListCell.swift */,
			);
			path = View;
			sourceTree = "<group>";
		};
		D55203B722A8FF4F00E356F1 /* Service */ = {
			isa = PBXGroup;
			children = (
				D55203B822A8FF4F00E356F1 /* GPSearchViewControllerService.swift */,
			);
			path = Service;
			sourceTree = "<group>";
		};
		D55203B922A8FF4F00E356F1 /* View Model */ = {
			isa = PBXGroup;
			children = (
				D55203BA22A8FF4F00E356F1 /* GPSearchViewControllerViewModel.swift */,
			);
			path = "View Model";
			sourceTree = "<group>";
		};
		D59098C222AD446300839E69 /* GPModules */ = {
			isa = PBXGroup;
			children = (
				D55203B022A8FF4F00E356F1 /* GPSearchViewController */,
			);
			path = GPModules;
			sourceTree = "<group>";
		};
		D59098C322AD44A100839E69 /* GPCommon */ = {
			isa = PBXGroup;
			children = (
				D59098C522AD44C600839E69 /* Protocols */,
				D59098C422AD44BA00839E69 /* Extensions */,
			);
			path = GPCommon;
			sourceTree = "<group>";
		};
		D59098C422AD44BA00839E69 /* Extensions */ = {
			isa = PBXGroup;
			children = (
				D59098D922AD510400839E69 /* UIStoryboard+Extensions.swift */,
				D5D277BE22AE300C00465008 /* UIApplication+Extensions.swift */,
				D5D277C222AE344B00465008 /* NSMutableData+Extensions.swift */,
				D5D277C622AE5C8600465008 /* UIView+Extensions.swift */,
				D5D277CA22AE5E3B00465008 /* UICollection+Extensions.swift */,
				D5D277CC22AE642400465008 /* UIImageView+Extensions.swift */,
			);
			path = Extensions;
			sourceTree = "<group>";
		};
		D59098C522AD44C600839E69 /* Protocols */ = {
			isa = PBXGroup;
			children = (
				D59098D722AD4FF000839E69 /* GPViewControllerProtocol.swift */,
			);
			path = Protocols;
			sourceTree = "<group>";
		};
		D59098C622AD451200839E69 /* GPLibrary */ = {
			isa = PBXGroup;
			children = (
				D59098CA22AD454A00839E69 /* GPView */,
				D59098C922AD453F00839E69 /* GPConnection */,
				D59098C822AD452C00839E69 /* GPModel */,
				D59098C722AD452000839E69 /* GPClass */,
				D5D277B822AE2C9A00465008 /* GPConstant.swift */,
			);
			path = GPLibrary;
			sourceTree = "<group>";
		};
		D59098C722AD452000839E69 /* GPClass */ = {
			isa = PBXGroup;
			children = (
				D59098CB22AD459100839E69 /* GPError.swift */,
				D59098CD22AD45B300839E69 /* GPLogger.swift */,
				D59098DC22AD5DB900839E69 /* Reach.swift */,
			);
			path = GPClass;
			sourceTree = "<group>";
		};
		D59098C822AD452C00839E69 /* GPModel */ = {
			isa = PBXGroup;
			children = (
				D5D277C422AE403C00465008 /* GPImage.swift */,
			);
			path = GPModel;
			sourceTree = "<group>";
		};
		D59098C922AD453F00839E69 /* GPConnection */ = {
			isa = PBXGroup;
			children = (
				D5D277AD22AE29F200465008 /* GPAPI */,
			);
			path = GPConnection;
			sourceTree = "<group>";
		};
		D59098CA22AD454A00839E69 /* GPView */ = {
			isa = PBXGroup;
			children = (
				D59098D122AD4B3900839E69 /* GPViewController.swift */,
				D59098D322AD4B4800839E69 /* GPTableViewController.swift */,
				D59098D522AD4B5D00839E69 /* GPTableViewCell.swift */,
			);
			path = GPView;
			sourceTree = "<group>";
		};
		D5D277AD22AE29F200465008 /* GPAPI */ = {
			isa = PBXGroup;
			children = (
				D5D277AF22AE2A1500465008 /* GPAPIRequest */,
				D5D277AE22AE2A0A00465008 /* GPAPICommon */,
				D5D277BA22AE2F1200465008 /* GPURLConnectionManager.swift */,
				D5D277C022AE307400465008 /* GPURLSessionManager.swift */,
			);
			path = GPAPI;
			sourceTree = "<group>";
		};
		D5D277AE22AE2A0A00465008 /* GPAPICommon */ = {
			isa = PBXGroup;
			children = (
				D5D277B222AE2B1500465008 /* GPAPIConstant.swift */,
				D5D277B422AE2B2C00465008 /* GPAPIRequestType.swift */,
				D5D277B622AE2B4100465008 /* GPAPIStringUrl.swift */,
			);
			path = GPAPICommon;
			sourceTree = "<group>";
		};
		D5D277AF22AE2A1500465008 /* GPAPIRequest */ = {
			isa = PBXGroup;
			children = (
				D5D277B022AE2AFC00465008 /* GPAPIRequest+Search.swift */,
				D5D277BC22AE2FA400465008 /* GPAPIRequest.swift */,
			);
			path = GPAPIRequest;
			sourceTree = "<group>";
		};
/* End PBXGroup section */

/* Begin PBXNativeTarget section */
		D552039722A8F6DA00E356F1 /* Giphy */ = {
			isa = PBXNativeTarget;
			buildConfigurationList = D55203AA22A8F6DD00E356F1 /* Build configuration list for PBXNativeTarget "Giphy" */;
			buildPhases = (
				D552039422A8F6DA00E356F1 /* Sources */,
				D552039522A8F6DA00E356F1 /* Frameworks */,
				D552039622A8F6DA00E356F1 /* Resources */,
			);
			buildRules = (
			);
			dependencies = (
			);
			name = Giphy;
			productName = Giphy;
			productReference = D552039822A8F6DA00E356F1 /* Giphy.app */;
			productType = "com.apple.product-type.application";
		};
/* End PBXNativeTarget section */

/* Begin PBXProject section */
		D552039022A8F6DA00E356F1 /* Project object */ = {
			isa = PBXProject;
			attributes = {
				LastSwiftUpdateCheck = 1020;
				LastUpgradeCheck = 1020;
				ORGANIZATIONNAME = Celerstudio;
				TargetAttributes = {
					D552039722A8F6DA00E356F1 = {
						CreatedOnToolsVersion = 10.2.1;
					};
				};
			};
			buildConfigurationList = D552039322A8F6DA00E356F1 /* Build configuration list for PBXProject "Giphy" */;
			compatibilityVersion = "Xcode 9.3";
			developmentRegion = en;
			hasScannedForEncodings = 0;
			knownRegions = (
				en,
				Base,
			);
			mainGroup = D552038F22A8F6DA00E356F1;
			productRefGroup = D552039922A8F6DA00E356F1 /* Products */;
			projectDirPath = "";
			projectRoot = "";
			targets = (
				D552039722A8F6DA00E356F1 /* Giphy */,
			);
		};
/* End PBXProject section */

/* Begin PBXResourcesBuildPhase section */
		D552039622A8F6DA00E356F1 /* Resources */ = {
			isa = PBXResourcesBuildPhase;
			buildActionMask = 2147483647;
			files = (
				D55203A622A8F6DC00E356F1 /* LaunchScreen.storyboard in Resources */,
				D55203A322A8F6DC00E356F1 /* Assets.xcassets in Resources */,
				D55203A122A8F6DA00E356F1 /* Main.storyboard in Resources */,
			);
			runOnlyForDeploymentPostprocessing = 0;
		};
/* End PBXResourcesBuildPhase section */

/* Begin PBXSourcesBuildPhase section */
		D552039422A8F6DA00E356F1 /* Sources */ = {
			isa = PBXSourcesBuildPhase;
			buildActionMask = 2147483647;
			files = (
				D5D277CD22AE642400465008 /* UIImageView+Extensions.swift in Sources */,
				D5D277B922AE2C9A00465008 /* GPConstant.swift in Sources */,
				D55203BD22A8FF5000E356F1 /* GPSearchViewControllerView.swift in Sources */,
				D59098CC22AD459100839E69 /* GPError.swift in Sources */,
				D5D277B722AE2B4100465008 /* GPAPIStringUrl.swift in Sources */,
				D5D277CB22AE5E3B00465008 /* UICollection+Extensions.swift in Sources */,
				D552039E22A8F6DA00E356F1 /* ViewController.swift in Sources */,
				D5D277C122AE307400465008 /* GPURLSessionManager.swift in Sources */,
				D5D277C522AE403C00465008 /* GPImage.swift in Sources */,
				D5D277B122AE2AFC00465008 /* GPAPIRequest+Search.swift in Sources */,
				D55203BB22A8FF5000E356F1 /* GPSearchViewControllerServiceProtocol.swift in Sources */,
				D552039C22A8F6DA00E356F1 /* AppDelegate.swift in Sources */,
				D59098D222AD4B3900839E69 /* GPViewController.swift in Sources */,
				D59098CE22AD45B300839E69 /* GPLogger.swift in Sources */,
				D5D277C722AE5C8600465008 /* UIView+Extensions.swift in Sources */,
				D55203BC22A8FF5000E356F1 /* GPSearchViewControllerModel.swift in Sources */,
				D59098D422AD4B4800839E69 /* GPTableViewController.swift in Sources */,
				D5D277BD22AE2FA400465008 /* GPAPIRequest.swift in Sources */,
				D5D277B522AE2B2C00465008 /* GPAPIRequestType.swift in Sources */,
				D5D277BF22AE300C00465008 /* UIApplication+Extensions.swift in Sources */,
				D5D277C922AE5D6500465008 /* GPSearchListCell.swift in Sources */,
				D59098DD22AD5DB900839E69 /* Reach.swift in Sources */,
				D5D277C322AE344B00465008 /* NSMutableData+Extensions.swift in Sources */,
				D59098D822AD4FF000839E69 /* GPViewControllerProtocol.swift in Sources */,
				D55203BE22A8FF5000E356F1 /* GPSearchViewControllerService.swift in Sources */,
				D59098DA22AD510400839E69 /* UIStoryboard+Extensions.swift in Sources */,
				D59098D622AD4B5D00839E69 /* GPTableViewCell.swift in Sources */,
				D55203BF22A8FF5000E356F1 /* GPSearchViewControllerViewModel.swift in Sources */,
				D5D277BB22AE2F1200465008 /* GPURLConnectionManager.swift in Sources */,
				D5D277B322AE2B1500465008 /* GPAPIConstant.swift in Sources */,
			);
			runOnlyForDeploymentPostprocessing = 0;
		};
/* End PBXSourcesBuildPhase section */

/* Begin PBXVariantGroup section */
		D552039F22A8F6DA00E356F1 /* Main.storyboard */ = {
			isa = PBXVariantGroup;
			children = (
				D55203A022A8F6DA00E356F1 /* Base */,
			);
			name = Main.storyboard;
			sourceTree = "<group>";
		};
		D55203A422A8F6DC00E356F1 /* LaunchScreen.storyboard */ = {
			isa = PBXVariantGroup;
			children = (
				D55203A522A8F6DC00E356F1 /* Base */,
			);
			name = LaunchScreen.storyboard;
			sourceTree = "<group>";
		};
/* End PBXVariantGroup section */

/* Begin XCBuildConfiguration section */
		D55203A822A8F6DD00E356F1 /* Debug */ = {
			isa = XCBuildConfiguration;
			buildSettings = {
				ALWAYS_SEARCH_USER_PATHS = NO;
				CLANG_ANALYZER_NONNULL = YES;
				CLANG_ANALYZER_NUMBER_OBJECT_CONVERSION = YES_AGGRESSIVE;
				CLANG_CXX_LANGUAGE_STANDARD = "gnu++14";
				CLANG_CXX_LIBRARY = "libc++";
				CLANG_ENABLE_MODULES = YES;
				CLANG_ENABLE_OBJC_ARC = YES;
				CLANG_ENABLE_OBJC_WEAK = YES;
				CLANG_WARN_BLOCK_CAPTURE_AUTORELEASING = YES;
				CLANG_WARN_BOOL_CONVERSION = YES;
				CLANG_WARN_COMMA = YES;
				CLANG_WARN_CONSTANT_CONVERSION = YES;
				CLANG_WARN_DEPRECATED_OBJC_IMPLEMENTATIONS = YES;
				CLANG_WARN_DIRECT_OBJC_ISA_USAGE = YES_ERROR;
				CLANG_WARN_DOCUMENTATION_COMMENTS = YES;
				CLANG_WARN_EMPTY_BODY = YES;
				CLANG_WARN_ENUM_CONVERSION = YES;
				CLANG_WARN_INFINITE_RECURSION = YES;
				CLANG_WARN_INT_CONVERSION = YES;
				CLANG_WARN_NON_LITERAL_NULL_CONVERSION = YES;
				CLANG_WARN_OBJC_IMPLICIT_RETAIN_SELF = YES;
				CLANG_WARN_OBJC_LITERAL_CONVERSION = YES;
				CLANG_WARN_OBJC_ROOT_CLASS = YES_ERROR;
				CLANG_WARN_RANGE_LOOP_ANALYSIS = YES;
				CLANG_WARN_STRICT_PROTOTYPES = YES;
				CLANG_WARN_SUSPICIOUS_MOVE = YES;
				CLANG_WARN_UNGUARDED_AVAILABILITY = YES_AGGRESSIVE;
				CLANG_WARN_UNREACHABLE_CODE = YES;
				CLANG_WARN__DUPLICATE_METHOD_MATCH = YES;
				CODE_SIGN_IDENTITY = "iPhone Developer";
				COPY_PHASE_STRIP = NO;
				DEBUG_INFORMATION_FORMAT = dwarf;
				ENABLE_STRICT_OBJC_MSGSEND = YES;
				ENABLE_TESTABILITY = YES;
				GCC_C_LANGUAGE_STANDARD = gnu11;
				GCC_DYNAMIC_NO_PIC = NO;
				GCC_NO_COMMON_BLOCKS = YES;
				GCC_OPTIMIZATION_LEVEL = 0;
				GCC_PREPROCESSOR_DEFINITIONS = (
					"DEBUG=1",
					"$(inherited)",
				);
				GCC_WARN_64_TO_32_BIT_CONVERSION = YES;
				GCC_WARN_ABOUT_RETURN_TYPE = YES_ERROR;
				GCC_WARN_UNDECLARED_SELECTOR = YES;
				GCC_WARN_UNINITIALIZED_AUTOS = YES_AGGRESSIVE;
				GCC_WARN_UNUSED_FUNCTION = YES;
				GCC_WARN_UNUSED_VARIABLE = YES;
				IPHONEOS_DEPLOYMENT_TARGET = 12.2;
				MTL_ENABLE_DEBUG_INFO = INCLUDE_SOURCE;
				MTL_FAST_MATH = YES;
				ONLY_ACTIVE_ARCH = YES;
				SDKROOT = iphoneos;
				SWIFT_ACTIVE_COMPILATION_CONDITIONS = DEBUG;
				SWIFT_OPTIMIZATION_LEVEL = "-Onone";
			};
			name = Debug;
		};
		D55203A922A8F6DD00E356F1 /* Release */ = {
			isa = XCBuildConfiguration;
			buildSettings = {
				ALWAYS_SEARCH_USER_PATHS = NO;
				CLANG_ANALYZER_NONNULL = YES;
				CLANG_ANALYZER_NUMBER_OBJECT_CONVERSION = YES_AGGRESSIVE;
				CLANG_CXX_LANGUAGE_STANDARD = "gnu++14";
				CLANG_CXX_LIBRARY = "libc++";
				CLANG_ENABLE_MODULES = YES;
				CLANG_ENABLE_OBJC_ARC = YES;
				CLANG_ENABLE_OBJC_WEAK = YES;
				CLANG_WARN_BLOCK_CAPTURE_AUTORELEASING = YES;
				CLANG_WARN_BOOL_CONVERSION = YES;
				CLANG_WARN_COMMA = YES;
				CLANG_WARN_CONSTANT_CONVERSION = YES;
				CLANG_WARN_DEPRECATED_OBJC_IMPLEMENTATIONS = YES;
				CLANG_WARN_DIRECT_OBJC_ISA_USAGE = YES_ERROR;
				CLANG_WARN_DOCUMENTATION_COMMENTS = YES;
				CLANG_WARN_EMPTY_BODY = YES;
				CLANG_WARN_ENUM_CONVERSION = YES;
				CLANG_WARN_INFINITE_RECURSION = YES;
				CLANG_WARN_INT_CONVERSION = YES;
				CLANG_WARN_NON_LITERAL_NULL_CONVERSION = YES;
				CLANG_WARN_OBJC_IMPLICIT_RETAIN_SELF = YES;
				CLANG_WARN_OBJC_LITERAL_CONVERSION = YES;
				CLANG_WARN_OBJC_ROOT_CLASS = YES_ERROR;
				CLANG_WARN_RANGE_LOOP_ANALYSIS = YES;
				CLANG_WARN_STRICT_PROTOTYPES = YES;
				CLANG_WARN_SUSPICIOUS_MOVE = YES;
				CLANG_WARN_UNGUARDED_AVAILABILITY = YES_AGGRESSIVE;
				CLANG_WARN_UNREACHABLE_CODE = YES;
				CLANG_WARN__DUPLICATE_METHOD_MATCH = YES;
				CODE_SIGN_IDENTITY = "iPhone Developer";
				COPY_PHASE_STRIP = NO;
				DEBUG_INFORMATION_FORMAT = "dwarf-with-dsym";
				ENABLE_NS_ASSERTIONS = NO;
				ENABLE_STRICT_OBJC_MSGSEND = YES;
				GCC_C_LANGUAGE_STANDARD = gnu11;
				GCC_NO_COMMON_BLOCKS = YES;
				GCC_WARN_64_TO_32_BIT_CONVERSION = YES;
				GCC_WARN_ABOUT_RETURN_TYPE = YES_ERROR;
				GCC_WARN_UNDECLARED_SELECTOR = YES;
				GCC_WARN_UNINITIALIZED_AUTOS = YES_AGGRESSIVE;
				GCC_WARN_UNUSED_FUNCTION = YES;
				GCC_WARN_UNUSED_VARIABLE = YES;
				IPHONEOS_DEPLOYMENT_TARGET = 12.2;
				MTL_ENABLE_DEBUG_INFO = NO;
				MTL_FAST_MATH = YES;
				SDKROOT = iphoneos;
				SWIFT_COMPILATION_MODE = wholemodule;
				SWIFT_OPTIMIZATION_LEVEL = "-O";
				VALIDATE_PRODUCT = YES;
			};
			name = Release;
		};
		D55203AB22A8F6DD00E356F1 /* Debug */ = {
			isa = XCBuildConfiguration;
			buildSettings = {
				ASSETCATALOG_COMPILER_APPICON_NAME = AppIcon;
				CODE_SIGN_STYLE = Automatic;
				DEVELOPMENT_TEAM = 495XWEJ924;
				INFOPLIST_FILE = Giphy/Info.plist;
				LD_RUNPATH_SEARCH_PATHS = (
					"$(inherited)",
					"@executable_path/Frameworks",
				);
				PRODUCT_BUNDLE_IDENTIFIER = com.celerstudio.Giphy;
				PRODUCT_NAME = "$(TARGET_NAME)";
				SWIFT_VERSION = 5.0;
				TARGETED_DEVICE_FAMILY = "1,2";
			};
			name = Debug;
		};
		D55203AC22A8F6DD00E356F1 /* Release */ = {
			isa = XCBuildConfiguration;
			buildSettings = {
				ASSETCATALOG_COMPILER_APPICON_NAME = AppIcon;
				CODE_SIGN_STYLE = Automatic;
				DEVELOPMENT_TEAM = 495XWEJ924;
				INFOPLIST_FILE = Giphy/Info.plist;
				LD_RUNPATH_SEARCH_PATHS = (
					"$(inherited)",
					"@executable_path/Frameworks",
				);
				PRODUCT_BUNDLE_IDENTIFIER = com.celerstudio.Giphy;
				PRODUCT_NAME = "$(TARGET_NAME)";
				SWIFT_VERSION = 5.0;
				TARGETED_DEVICE_FAMILY = "1,2";
			};
			name = Release;
		};
/* End XCBuildConfiguration section */

/* Begin XCConfigurationList section */
		D552039322A8F6DA00E356F1 /* Build configuration list for PBXProject "Giphy" */ = {
			isa = XCConfigurationList;
			buildConfigurations = (
				D55203A822A8F6DD00E356F1 /* Debug */,
				D55203A922A8F6DD00E356F1 /* Release */,
			);
			defaultConfigurationIsVisible = 0;
			defaultConfigurationName = Release;
		};
		D55203AA22A8F6DD00E356F1 /* Build configuration list for PBXNativeTarget "Giphy" */ = {
			isa = XCConfigurationList;
			buildConfigurations = (
				D55203AB22A8F6DD00E356F1 /* Debug */,
				D55203AC22A8F6DD00E356F1 /* Release */,
			);
			defaultConfigurationIsVisible = 0;
			defaultConfigurationName = Release;
		};
/* End XCConfigurationList section */
	};
	rootObject = D552039022A8F6DA00E356F1 /* Project object */;
}
